
Microsoft Visual Studio Solution File, Format Version 12.00
# Visual Studio Version 16
VisualStudioVersion = 16.0.29613.14
MinimumVisualStudioVersion = 10.0.40219.1
Project("{FAE04EC0-301F-11D3-BF4B-00C04F79EFBC}") = "part 3", "part 3\part 3.csproj", "{EC8FB8B4-DB2D-4B8D-B674-C5EBD60B0A1F}"
EndProject
Global
	GlobalSection(SolutionConfigurationPlatforms) = preSolution
		Debug|Any CPU = Debug|Any CPU
		Release|Any CPU = Release|Any CPU
	EndGlobalSection
	GlobalSection(ProjectConfigurationPlatforms) = postSolution
		{EC8FB8B4-DB2D-4B8D-B674-C5EBD60B0A1F}.Debug|Any CPU.ActiveCfg = Debug|Any CPU
		{EC8FB8B4-DB2D-4B8D-B674-C5EBD60B0A1F}.Debug|Any CPU.Build.0 = Debug|Any CPU
		{EC8FB8B4-DB2D-4B8D-B674-C5EBD60B0A1F}.Release|Any CPU.ActiveCfg = Release|Any CPU
		{EC8FB8B4-DB2D-4B8D-B674-C5EBD60B0A1F}.Release|Any CPU.Build.0 = Release|Any CPU
	EndGlobalSection
	GlobalSection(SolutionProperties) = preSolution
		HideSolutionNode = FALSE
	EndGlobalSection
	GlobalSection(ExtensibilityGlobals) = postSolution
		SolutionGuid = {B1051A5A-6033-4B0A-9523-4B5535800632}
	EndGlobalSection
EndGlobal
